
Microsoft Visual Studio Solution File, Format Version 12.00
# Visual Studio 15
VisualStudioVersion = 15.0.27130.2010
MinimumVisualStudioVersion = 10.0.40219.1
Project("{FAE04EC0-301F-11D3-BF4B-00C04F79EFBC}") = "EIDAReaderForHajj", "EIDAReaderForHajj\EIDAReaderForHajj.csproj", "{A064F9FA-EC34-42EB-A0A2-5EE81244BCA9}"
EndProject
Global
	GlobalSection(SolutionConfigurationPlatforms) = preSolution
		Debug|Any CPU = Debug|Any CPU
		Release|Any CPU = Release|Any CPU
	EndGlobalSection
	GlobalSection(ProjectConfigurationPlatforms) = postSolution
		{A064F9FA-EC34-42EB-A0A2-5EE81244BCA9}.Debug|Any CPU.ActiveCfg = Debug|Any CPU
		{A064F9FA-EC34-42EB-A0A2-5EE81244BCA9}.Debug|Any CPU.Build.0 = Debug|Any CPU
		{A064F9FA-EC34-42EB-A0A2-5EE81244BCA9}.Debug|Any CPU.Deploy.0 = Debug|Any CPU
		{A064F9FA-EC34-42EB-A0A2-5EE81244BCA9}.Release|Any CPU.ActiveCfg = Release|Any CPU
		{A064F9FA-EC34-42EB-A0A2-5EE81244BCA9}.Release|Any CPU.Build.0 = Release|Any CPU
		{A064F9FA-EC34-42EB-A0A2-5EE81244BCA9}.Release|Any CPU.Deploy.0 = Release|Any CPU
	EndGlobalSection
	GlobalSection(SolutionProperties) = preSolution
		HideSolutionNode = FALSE
	EndGlobalSection
	GlobalSection(ExtensibilityGlobals) = postSolution
		SolutionGuid = {F81B3216-F90B-4B80-862E-F00F30DF5538}
	EndGlobalSection
EndGlobal
